
Microsoft Visual Studio Solution File, Format Version 11.00
# Visual Studio 2010
Project("{FAE04EC0-301F-11D3-BF4B-00C04F79EFBC}") = "NTCPMSG2010", "NTCPMSG\NTCPMSG2010.csproj", "{D7F3E627-5EEF-4AAE-A23D-61E75627EF34}"
EndProject
Project("{FAE04EC0-301F-11D3-BF4B-00C04F79EFBC}") = "Example2010", "Example\Example2010.csproj", "{B7E3D4AE-DB59-46EC-AD92-004038FA3F6F}"
EndProject
Project("{FAE04EC0-301F-11D3-BF4B-00C04F79EFBC}") = "ClientTest2010", "ClientTest\ClientTest2010.csproj", "{C8090CA1-69FA-40E3-85BF-81B44568317E}"
EndProject
Project("{FAE04EC0-301F-11D3-BF4B-00C04F79EFBC}") = "ServerTest2010", "ServerTest\ServerTest2010.csproj", "{6CF2A7C8-6048-47A0-91E4-B3CC0C3375A4}"
EndProject
Global
	GlobalSection(SolutionConfigurationPlatforms) = preSolution
		Debug|Any CPU = Debug|Any CPU
		Release|Any CPU = Release|Any CPU
	EndGlobalSection
	GlobalSection(ProjectConfigurationPlatforms) = postSolution
		{D7F3E627-5EEF-4AAE-A23D-61E75627EF34}.Debug|Any CPU.ActiveCfg = Debug|Any CPU
		{D7F3E627-5EEF-4AAE-A23D-61E75627EF34}.Debug|Any CPU.Build.0 = Debug|Any CPU
		{D7F3E627-5EEF-4AAE-A23D-61E75627EF34}.Release|Any CPU.ActiveCfg = Release|Any CPU
		{D7F3E627-5EEF-4AAE-A23D-61E75627EF34}.Release|Any CPU.Build.0 = Release|Any CPU
		{B7E3D4AE-DB59-46EC-AD92-004038FA3F6F}.Debug|Any CPU.ActiveCfg = Debug|Any CPU
		{B7E3D4AE-DB59-46EC-AD92-004038FA3F6F}.Debug|Any CPU.Build.0 = Debug|Any CPU
		{B7E3D4AE-DB59-46EC-AD92-004038FA3F6F}.Release|Any CPU.ActiveCfg = Release|Any CPU
		{B7E3D4AE-DB59-46EC-AD92-004038FA3F6F}.Release|Any CPU.Build.0 = Release|Any CPU
		{C8090CA1-69FA-40E3-85BF-81B44568317E}.Debug|Any CPU.ActiveCfg = Debug|Any CPU
		{C8090CA1-69FA-40E3-85BF-81B44568317E}.Debug|Any CPU.Build.0 = Debug|Any CPU
		{C8090CA1-69FA-40E3-85BF-81B44568317E}.Release|Any CPU.ActiveCfg = Release|Any CPU
		{C8090CA1-69FA-40E3-85BF-81B44568317E}.Release|Any CPU.Build.0 = Release|Any CPU
		{6CF2A7C8-6048-47A0-91E4-B3CC0C3375A4}.Debug|Any CPU.ActiveCfg = Debug|Any CPU
		{6CF2A7C8-6048-47A0-91E4-B3CC0C3375A4}.Debug|Any CPU.Build.0 = Debug|Any CPU
		{6CF2A7C8-6048-47A0-91E4-B3CC0C3375A4}.Release|Any CPU.ActiveCfg = Release|Any CPU
		{6CF2A7C8-6048-47A0-91E4-B3CC0C3375A4}.Release|Any CPU.Build.0 = Release|Any CPU
	EndGlobalSection
	GlobalSection(SolutionProperties) = preSolution
		HideSolutionNode = FALSE
	EndGlobalSection
EndGlobal
